
Microsoft Visual Studio Solution File, Format Version 12.00
# Visual Studio Version 17
VisualStudioVersion = 17.6.33815.320
MinimumVisualStudioVersion = 10.0.40219.1
Project("{2150E333-8FDC-42A3-9474-1A3956D46DE8}") = "Services", "Services", "{C4CF941D-FC77-4009-BA00-116FA1B4BE8E}"
EndProject
Project("{2150E333-8FDC-42A3-9474-1A3956D46DE8}") = "Catalog", "Catalog", "{C81CC478-9450-4245-8CC7-B969FB742BDB}"
EndProject
Project("{9A19103F-16F7-4668-BE54-9A1E7A4F7556}") = "Catalog.API", "Services\Catalog\Catalog.API\Catalog.API.csproj", "{CF912249-B9E1-47BF-AEC6-E91C639C588C}"
EndProject
Project("{E53339B2-1760-4266-BCC7-CA923CBCF16C}") = "docker-compose", "docker-compose.dcproj", "{FE151175-501D-4B56-94F8-B9FE15D0EF1E}"
EndProject
Project("{2150E333-8FDC-42A3-9474-1A3956D46DE8}") = "Basket", "Basket", "{2EE1EDC2-E4C7-4594-A12C-CFDC6315136B}"
EndProject
Project("{9A19103F-16F7-4668-BE54-9A1E7A4F7556}") = "Basket.API", "Services\Basket\Basket.API\Basket.API.csproj", "{8AE7587B-B02A-4566-8C74-149B14192450}"
EndProject
Project("{2150E333-8FDC-42A3-9474-1A3956D46DE8}") = "Discount", "Discount", "{C77CDBAD-B4A7-4CB7-8947-8C6C011C5966}"
EndProject
Project("{9A19103F-16F7-4668-BE54-9A1E7A4F7556}") = "Discount.API", "Services\Discount\Discount.API\Discount.API.csproj", "{EBBBB2E6-49A1-44E6-8A77-D6C94C7E11DE}"
EndProject
Project("{9A19103F-16F7-4668-BE54-9A1E7A4F7556}") = "Discount.Grpc", "Services\Discount\Discount.Grpc\Discount.Grpc.csproj", "{128433E7-0F3D-4420-9396-CE38D55A9ED9}"
EndProject
Project("{2150E333-8FDC-42A3-9474-1A3956D46DE8}") = "Ordering", "Ordering", "{4AF28EEF-80E3-49DE-A9B6-292EC3731DDC}"
EndProject
Project("{9A19103F-16F7-4668-BE54-9A1E7A4F7556}") = "Ordering.API", "Services\Ordering\Ordering.API\Ordering.API.csproj", "{802F832F-5619-4BA3-8592-53D4DD9AB24C}"
EndProject
Project("{9A19103F-16F7-4668-BE54-9A1E7A4F7556}") = "Ordering.Domain", "Services\Ordering\Ordering.Domain\Ordering.Domain.csproj", "{A1414877-A575-40C1-B541-2BCCB473C5E9}"
EndProject
Project("{9A19103F-16F7-4668-BE54-9A1E7A4F7556}") = "Ordering.Application", "Services\Ordering\Ordering.Application\Ordering.Application.csproj", "{59A9EC8F-DB77-4289-BD05-F6D5D08CB3A5}"
EndProject
Project("{9A19103F-16F7-4668-BE54-9A1E7A4F7556}") = "Ordering.Infrastructure", "Services\Ordering\Ordering.Infrastructure\Ordering.Infrastructure.csproj", "{A5CD16C9-1295-41AD-B237-469B9DFED2C4}"
EndProject
Project("{2150E333-8FDC-42A3-9474-1A3956D46DE8}") = "BuildingBlocks", "BuildingBlocks", "{1052FA0E-DEE5-40A0-BEA6-1B326D3A33B2}"
EndProject
Project("{9A19103F-16F7-4668-BE54-9A1E7A4F7556}") = "EventBus.Messages", "BuildingBlocks\EventBus.Messages\EventBus.Messages.csproj", "{85D76282-81E4-4A1A-BAF3-49090F785E1C}"
EndProject
Project("{2150E333-8FDC-42A3-9474-1A3956D46DE8}") = "ApiGateways", "ApiGateways", "{3AF90592-43B9-4EAE-A24D-61557FD9A668}"
EndProject
Project("{9A19103F-16F7-4668-BE54-9A1E7A4F7556}") = "OcelotApiGw", "ApiGateways\OcelotApiGw\OcelotApiGw.csproj", "{27CB7F59-686E-40DB-BBC1-EAA1BD1E8291}"
EndProject
Project("{9A19103F-16F7-4668-BE54-9A1E7A4F7556}") = "Shopping.Aggregator", "ApiGateways\ShoppingAggregator\Shopping.Aggregator.csproj", "{F62AA969-99D7-44EE-9EB2-CEB4498C4E12}"
EndProject
Project("{2150E333-8FDC-42A3-9474-1A3956D46DE8}") = "WebApps", "WebApps", "{F1ADD09F-9447-422B-A77E-82C83BC06114}"
EndProject
Project("{9A19103F-16F7-4668-BE54-9A1E7A4F7556}") = "AspnetRunBasics", "WebApps\AspnetRunBasics\AspnetRunBasics.csproj", "{34D92C53-2017-4290-A6FB-4CC3E610B061}"
EndProject
Global
	GlobalSection(SolutionConfigurationPlatforms) = preSolution
		Debug|Any CPU = Debug|Any CPU
		Release|Any CPU = Release|Any CPU
	EndGlobalSection
	GlobalSection(ProjectConfigurationPlatforms) = postSolution
		{CF912249-B9E1-47BF-AEC6-E91C639C588C}.Debug|Any CPU.ActiveCfg = Debug|Any CPU
		{CF912249-B9E1-47BF-AEC6-E91C639C588C}.Debug|Any CPU.Build.0 = Debug|Any CPU
		{CF912249-B9E1-47BF-AEC6-E91C639C588C}.Release|Any CPU.ActiveCfg = Release|Any CPU
		{CF912249-B9E1-47BF-AEC6-E91C639C588C}.Release|Any CPU.Build.0 = Release|Any CPU
		{FE151175-501D-4B56-94F8-B9FE15D0EF1E}.Debug|Any CPU.ActiveCfg = Debug|Any CPU
		{FE151175-501D-4B56-94F8-B9FE15D0EF1E}.Debug|Any CPU.Build.0 = Debug|Any CPU
		{FE151175-501D-4B56-94F8-B9FE15D0EF1E}.Release|Any CPU.ActiveCfg = Release|Any CPU
		{FE151175-501D-4B56-94F8-B9FE15D0EF1E}.Release|Any CPU.Build.0 = Release|Any CPU
		{8AE7587B-B02A-4566-8C74-149B14192450}.Debug|Any CPU.ActiveCfg = Debug|Any CPU
		{8AE7587B-B02A-4566-8C74-149B14192450}.Debug|Any CPU.Build.0 = Debug|Any CPU
		{8AE7587B-B02A-4566-8C74-149B14192450}.Release|Any CPU.ActiveCfg = Release|Any CPU
		{8AE7587B-B02A-4566-8C74-149B14192450}.Release|Any CPU.Build.0 = Release|Any CPU
		{EBBBB2E6-49A1-44E6-8A77-D6C94C7E11DE}.Debug|Any CPU.ActiveCfg = Debug|Any CPU
		{EBBBB2E6-49A1-44E6-8A77-D6C94C7E11DE}.Debug|Any CPU.Build.0 = Debug|Any CPU
		{EBBBB2E6-49A1-44E6-8A77-D6C94C7E11DE}.Release|Any CPU.ActiveCfg = Release|Any CPU
		{EBBBB2E6-49A1-44E6-8A77-D6C94C7E11DE}.Release|Any CPU.Build.0 = Release|Any CPU
		{128433E7-0F3D-4420-9396-CE38D55A9ED9}.Debug|Any CPU.ActiveCfg = Debug|Any CPU
		{128433E7-0F3D-4420-9396-CE38D55A9ED9}.Debug|Any CPU.Build.0 = Debug|Any CPU
		{128433E7-0F3D-4420-9396-CE38D55A9ED9}.Release|Any CPU.ActiveCfg = Release|Any CPU
		{128433E7-0F3D-4420-9396-CE38D55A9ED9}.Release|Any CPU.Build.0 = Release|Any CPU
		{802F832F-5619-4BA3-8592-53D4DD9AB24C}.Debug|Any CPU.ActiveCfg = Debug|Any CPU
		{802F832F-5619-4BA3-8592-53D4DD9AB24C}.Debug|Any CPU.Build.0 = Debug|Any CPU
		{802F832F-5619-4BA3-8592-53D4DD9AB24C}.Release|Any CPU.ActiveCfg = Release|Any CPU
		{802F832F-5619-4BA3-8592-53D4DD9AB24C}.Release|Any CPU.Build.0 = Release|Any CPU
		{A1414877-A575-40C1-B541-2BCCB473C5E9}.Debug|Any CPU.ActiveCfg = Debug|Any CPU
		{A1414877-A575-40C1-B541-2BCCB473C5E9}.Debug|Any CPU.Build.0 = Debug|Any CPU
		{A1414877-A575-40C1-B541-2BCCB473C5E9}.Release|Any CPU.ActiveCfg = Release|Any CPU
		{A1414877-A575-40C1-B541-2BCCB473C5E9}.Release|Any CPU.Build.0 = Release|Any CPU
		{59A9EC8F-DB77-4289-BD05-F6D5D08CB3A5}.Debug|Any CPU.ActiveCfg = Debug|Any CPU
		{59A9EC8F-DB77-4289-BD05-F6D5D08CB3A5}.Debug|Any CPU.Build.0 = Debug|Any CPU
		{59A9EC8F-DB77-4289-BD05-F6D5D08CB3A5}.Release|Any CPU.ActiveCfg = Release|Any CPU
		{59A9EC8F-DB77-4289-BD05-F6D5D08CB3A5}.Release|Any CPU.Build.0 = Release|Any CPU
		{A5CD16C9-1295-41AD-B237-469B9DFED2C4}.Debug|Any CPU.ActiveCfg = Debug|Any CPU
		{A5CD16C9-1295-41AD-B237-469B9DFED2C4}.Debug|Any CPU.Build.0 = Debug|Any CPU
		{A5CD16C9-1295-41AD-B237-469B9DFED2C4}.Release|Any CPU.ActiveCfg = Release|Any CPU
		{A5CD16C9-1295-41AD-B237-469B9DFED2C4}.Release|Any CPU.Build.0 = Release|Any CPU
		{85D76282-81E4-4A1A-BAF3-49090F785E1C}.Debug|Any CPU.ActiveCfg = Debug|Any CPU
		{85D76282-81E4-4A1A-BAF3-49090F785E1C}.Debug|Any CPU.Build.0 = Debug|Any CPU
		{85D76282-81E4-4A1A-BAF3-49090F785E1C}.Release|Any CPU.ActiveCfg = Release|Any CPU
		{85D76282-81E4-4A1A-BAF3-49090F785E1C}.Release|Any CPU.Build.0 = Release|Any CPU
		{27CB7F59-686E-40DB-BBC1-EAA1BD1E8291}.Debug|Any CPU.ActiveCfg = Debug|Any CPU
		{27CB7F59-686E-40DB-BBC1-EAA1BD1E8291}.Debug|Any CPU.Build.0 = Debug|Any CPU
		{27CB7F59-686E-40DB-BBC1-EAA1BD1E8291}.Release|Any CPU.ActiveCfg = Release|Any CPU
		{27CB7F59-686E-40DB-BBC1-EAA1BD1E8291}.Release|Any CPU.Build.0 = Release|Any CPU
		{F62AA969-99D7-44EE-9EB2-CEB4498C4E12}.Debug|Any CPU.ActiveCfg = Debug|Any CPU
		{F62AA969-99D7-44EE-9EB2-CEB4498C4E12}.Debug|Any CPU.Build.0 = Debug|Any CPU
		{F62AA969-99D7-44EE-9EB2-CEB4498C4E12}.Release|Any CPU.ActiveCfg = Release|Any CPU
		{F62AA969-99D7-44EE-9EB2-CEB4498C4E12}.Release|Any CPU.Build.0 = Release|Any CPU
		{34D92C53-2017-4290-A6FB-4CC3E610B061}.Debug|Any CPU.ActiveCfg = Debug|Any CPU
		{34D92C53-2017-4290-A6FB-4CC3E610B061}.Debug|Any CPU.Build.0 = Debug|Any CPU
		{34D92C53-2017-4290-A6FB-4CC3E610B061}.Release|Any CPU.ActiveCfg = Release|Any CPU
		{34D92C53-2017-4290-A6FB-4CC3E610B061}.Release|Any CPU.Build.0 = Release|Any CPU
	EndGlobalSection
	GlobalSection(SolutionProperties) = preSolution
		HideSolutionNode = FALSE
	EndGlobalSection
	GlobalSection(NestedProjects) = preSolution
		{C81CC478-9450-4245-8CC7-B969FB742BDB} = {C4CF941D-FC77-4009-BA00-116FA1B4BE8E}
		{CF912249-B9E1-47BF-AEC6-E91C639C588C} = {C81CC478-9450-4245-8CC7-B969FB742BDB}
		{2EE1EDC2-E4C7-4594-A12C-CFDC6315136B} = {C4CF941D-FC77-4009-BA00-116FA1B4BE8E}
		{8AE7587B-B02A-4566-8C74-149B14192450} = {2EE1EDC2-E4C7-4594-A12C-CFDC6315136B}
		{C77CDBAD-B4A7-4CB7-8947-8C6C011C5966} = {C4CF941D-FC77-4009-BA00-116FA1B4BE8E}
		{EBBBB2E6-49A1-44E6-8A77-D6C94C7E11DE} = {C77CDBAD-B4A7-4CB7-8947-8C6C011C5966}
		{128433E7-0F3D-4420-9396-CE38D55A9ED9} = {C77CDBAD-B4A7-4CB7-8947-8C6C011C5966}
		{4AF28EEF-80E3-49DE-A9B6-292EC3731DDC} = {C4CF941D-FC77-4009-BA00-116FA1B4BE8E}
		{802F832F-5619-4BA3-8592-53D4DD9AB24C} = {4AF28EEF-80E3-49DE-A9B6-292EC3731DDC}
		{A1414877-A575-40C1-B541-2BCCB473C5E9} = {4AF28EEF-80E3-49DE-A9B6-292EC3731DDC}
		{59A9EC8F-DB77-4289-BD05-F6D5D08CB3A5} = {4AF28EEF-80E3-49DE-A9B6-292EC3731DDC}
		{A5CD16C9-1295-41AD-B237-469B9DFED2C4} = {4AF28EEF-80E3-49DE-A9B6-292EC3731DDC}
		{85D76282-81E4-4A1A-BAF3-49090F785E1C} = {1052FA0E-DEE5-40A0-BEA6-1B326D3A33B2}
		{27CB7F59-686E-40DB-BBC1-EAA1BD1E8291} = {3AF90592-43B9-4EAE-A24D-61557FD9A668}
		{F62AA969-99D7-44EE-9EB2-CEB4498C4E12} = {3AF90592-43B9-4EAE-A24D-61557FD9A668}
		{34D92C53-2017-4290-A6FB-4CC3E610B061} = {F1ADD09F-9447-422B-A77E-82C83BC06114}
	EndGlobalSection
	GlobalSection(ExtensibilityGlobals) = postSolution
		SolutionGuid = {098561C0-34FE-4957-86BD-2F5EBB6AA12A}
	EndGlobalSection
EndGlobal
