
Microsoft Visual Studio Solution File, Format Version 12.00
# Visual Studio Version 17
VisualStudioVersion = 17.6.33815.320
MinimumVisualStudioVersion = 10.0.40219.1
Project("{2150E333-8FDC-42A3-9474-1A3956D46DE8}") = "Services", "Services", "{C4CF941D-FC77-4009-BA00-116FA1B4BE8E}"
EndProject
Project("{2150E333-8FDC-42A3-9474-1A3956D46DE8}") = "Catalog", "Catalog", "{C81CC478-9450-4245-8CC7-B969FB742BDB}"
EndProject
Project("{9A19103F-16F7-4668-BE54-9A1E7A4F7556}") = "Catalog.API", "Services\Catalog\Catalog.API\Catalog.API.csproj", "{CF912249-B9E1-47BF-AEC6-E91C639C588C}"
EndProject
Project("{E53339B2-1760-4266-BCC7-CA923CBCF16C}") = "docker-compose", "docker-compose.dcproj", "{FE151175-501D-4B56-94F8-B9FE15D0EF1E}"
EndProject
Project("{2150E333-8FDC-42A3-9474-1A3956D46DE8}") = "Basket", "Basket", "{2EE1EDC2-E4C7-4594-A12C-CFDC6315136B}"
EndProject
Project("{9A19103F-16F7-4668-BE54-9A1E7A4F7556}") = "Basket.API", "Services\Basket\Basket.API\Basket.API.csproj", "{8AE7587B-B02A-4566-8C74-149B14192450}"
EndProject
Project("{2150E333-8FDC-42A3-9474-1A3956D46DE8}") = "Discount", "Discount", "{C77CDBAD-B4A7-4CB7-8947-8C6C011C5966}"
EndProject
Project("{FAE04EC0-301F-11D3-BF4B-00C04F79EFBC}") = "Discount.API", "Services\Discount\Discount.API\Discount.API.csproj", "{EBBBB2E6-49A1-44E6-8A77-D6C94C7E11DE}"
EndProject
Global
	GlobalSection(SolutionConfigurationPlatforms) = preSolution
		Debug|Any CPU = Debug|Any CPU
		Release|Any CPU = Release|Any CPU
	EndGlobalSection
	GlobalSection(ProjectConfigurationPlatforms) = postSolution
		{CF912249-B9E1-47BF-AEC6-E91C639C588C}.Debug|Any CPU.ActiveCfg = Debug|Any CPU
		{CF912249-B9E1-47BF-AEC6-E91C639C588C}.Debug|Any CPU.Build.0 = Debug|Any CPU
		{CF912249-B9E1-47BF-AEC6-E91C639C588C}.Release|Any CPU.ActiveCfg = Release|Any CPU
		{CF912249-B9E1-47BF-AEC6-E91C639C588C}.Release|Any CPU.Build.0 = Release|Any CPU
		{FE151175-501D-4B56-94F8-B9FE15D0EF1E}.Debug|Any CPU.ActiveCfg = Debug|Any CPU
		{FE151175-501D-4B56-94F8-B9FE15D0EF1E}.Debug|Any CPU.Build.0 = Debug|Any CPU
		{FE151175-501D-4B56-94F8-B9FE15D0EF1E}.Release|Any CPU.ActiveCfg = Release|Any CPU
		{FE151175-501D-4B56-94F8-B9FE15D0EF1E}.Release|Any CPU.Build.0 = Release|Any CPU
		{8AE7587B-B02A-4566-8C74-149B14192450}.Debug|Any CPU.ActiveCfg = Debug|Any CPU
		{8AE7587B-B02A-4566-8C74-149B14192450}.Debug|Any CPU.Build.0 = Debug|Any CPU
		{8AE7587B-B02A-4566-8C74-149B14192450}.Release|Any CPU.ActiveCfg = Release|Any CPU
		{8AE7587B-B02A-4566-8C74-149B14192450}.Release|Any CPU.Build.0 = Release|Any CPU
		{EBBBB2E6-49A1-44E6-8A77-D6C94C7E11DE}.Debug|Any CPU.ActiveCfg = Debug|Any CPU
		{EBBBB2E6-49A1-44E6-8A77-D6C94C7E11DE}.Debug|Any CPU.Build.0 = Debug|Any CPU
		{EBBBB2E6-49A1-44E6-8A77-D6C94C7E11DE}.Release|Any CPU.ActiveCfg = Release|Any CPU
		{EBBBB2E6-49A1-44E6-8A77-D6C94C7E11DE}.Release|Any CPU.Build.0 = Release|Any CPU
	EndGlobalSection
	GlobalSection(SolutionProperties) = preSolution
		HideSolutionNode = FALSE
	EndGlobalSection
	GlobalSection(NestedProjects) = preSolution
		{C81CC478-9450-4245-8CC7-B969FB742BDB} = {C4CF941D-FC77-4009-BA00-116FA1B4BE8E}
		{CF912249-B9E1-47BF-AEC6-E91C639C588C} = {C81CC478-9450-4245-8CC7-B969FB742BDB}
		{2EE1EDC2-E4C7-4594-A12C-CFDC6315136B} = {C4CF941D-FC77-4009-BA00-116FA1B4BE8E}
		{8AE7587B-B02A-4566-8C74-149B14192450} = {2EE1EDC2-E4C7-4594-A12C-CFDC6315136B}
		{C77CDBAD-B4A7-4CB7-8947-8C6C011C5966} = {C4CF941D-FC77-4009-BA00-116FA1B4BE8E}
		{EBBBB2E6-49A1-44E6-8A77-D6C94C7E11DE} = {C77CDBAD-B4A7-4CB7-8947-8C6C011C5966}
	EndGlobalSection
	GlobalSection(ExtensibilityGlobals) = postSolution
		SolutionGuid = {098561C0-34FE-4957-86BD-2F5EBB6AA12A}
	EndGlobalSection
EndGlobal
